
Microsoft Visual Studio Solution File, Format Version 12.00
# Visual Studio Version 17
VisualStudioVersion = 17.1.32414.318
MinimumVisualStudioVersion = 10.0.40219.1
Project("{9A19103F-16F7-4668-BE54-9A1E7A4F7556}") = "PsIntegrations", "PsIntegrations\PsIntegrations.csproj", "{CC4BACC9-C7A4-41FF-B67E-C2372B566380}"
EndProject
Project("{9A19103F-16F7-4668-BE54-9A1E7A4F7556}") = "Repository", "Repository\Repository.csproj", "{83D457F2-4EEE-4A03-9B94-7530F55E3A2F}"
EndProject
Project("{9A19103F-16F7-4668-BE54-9A1E7A4F7556}") = "Services", "Services\Services.csproj", "{51902E4C-9C1D-48D3-A54B-DEAA1D98A268}"
EndProject
Project("{9A19103F-16F7-4668-BE54-9A1E7A4F7556}") = "Common", "Common\Common.csproj", "{6445FC4E-CE2E-46A6-9738-CFAE33C23D8C}"
EndProject
Project("{FAE04EC0-301F-11D3-BF4B-00C04F79EFBC}") = "MockTesting", "MockTesting\MockTesting.csproj", "{13A44AC5-1927-432D-94D6-28AB7F866BF2}"
EndProject
Global
	GlobalSection(SolutionConfigurationPlatforms) = preSolution
		Debug|Any CPU = Debug|Any CPU
		Release|Any CPU = Release|Any CPU
	EndGlobalSection
	GlobalSection(ProjectConfigurationPlatforms) = postSolution
		{CC4BACC9-C7A4-41FF-B67E-C2372B566380}.Debug|Any CPU.ActiveCfg = Debug|Any CPU
		{CC4BACC9-C7A4-41FF-B67E-C2372B566380}.Debug|Any CPU.Build.0 = Debug|Any CPU
		{CC4BACC9-C7A4-41FF-B67E-C2372B566380}.Release|Any CPU.ActiveCfg = Release|Any CPU
		{CC4BACC9-C7A4-41FF-B67E-C2372B566380}.Release|Any CPU.Build.0 = Release|Any CPU
		{83D457F2-4EEE-4A03-9B94-7530F55E3A2F}.Debug|Any CPU.ActiveCfg = Debug|Any CPU
		{83D457F2-4EEE-4A03-9B94-7530F55E3A2F}.Debug|Any CPU.Build.0 = Debug|Any CPU
		{83D457F2-4EEE-4A03-9B94-7530F55E3A2F}.Release|Any CPU.ActiveCfg = Release|Any CPU
		{83D457F2-4EEE-4A03-9B94-7530F55E3A2F}.Release|Any CPU.Build.0 = Release|Any CPU
		{51902E4C-9C1D-48D3-A54B-DEAA1D98A268}.Debug|Any CPU.ActiveCfg = Debug|Any CPU
		{51902E4C-9C1D-48D3-A54B-DEAA1D98A268}.Debug|Any CPU.Build.0 = Debug|Any CPU
		{51902E4C-9C1D-48D3-A54B-DEAA1D98A268}.Release|Any CPU.ActiveCfg = Release|Any CPU
		{51902E4C-9C1D-48D3-A54B-DEAA1D98A268}.Release|Any CPU.Build.0 = Release|Any CPU
		{6445FC4E-CE2E-46A6-9738-CFAE33C23D8C}.Debug|Any CPU.ActiveCfg = Debug|Any CPU
		{6445FC4E-CE2E-46A6-9738-CFAE33C23D8C}.Debug|Any CPU.Build.0 = Debug|Any CPU
		{6445FC4E-CE2E-46A6-9738-CFAE33C23D8C}.Release|Any CPU.ActiveCfg = Release|Any CPU
		{6445FC4E-CE2E-46A6-9738-CFAE33C23D8C}.Release|Any CPU.Build.0 = Release|Any CPU
		{13A44AC5-1927-432D-94D6-28AB7F866BF2}.Debug|Any CPU.ActiveCfg = Debug|Any CPU
		{13A44AC5-1927-432D-94D6-28AB7F866BF2}.Debug|Any CPU.Build.0 = Debug|Any CPU
		{13A44AC5-1927-432D-94D6-28AB7F866BF2}.Release|Any CPU.ActiveCfg = Release|Any CPU
		{13A44AC5-1927-432D-94D6-28AB7F866BF2}.Release|Any CPU.Build.0 = Release|Any CPU
	EndGlobalSection
	GlobalSection(SolutionProperties) = preSolution
		HideSolutionNode = FALSE
	EndGlobalSection
	GlobalSection(ExtensibilityGlobals) = postSolution
		SolutionGuid = {A96D5DE7-D680-457F-B3F4-F7D1DD473030}
	EndGlobalSection
EndGlobal
